
Microsoft Visual Studio Solution File, Format Version 12.00
# Visual Studio Version 16
VisualStudioVersion = 16.0.30002.166
MinimumVisualStudioVersion = 10.0.40219.1
Project("{FAE04EC0-301F-11D3-BF4B-00C04F79EFBC}") = "LabNine", "LabNine.csproj", "{0A3E5B7E-A035-46D5-A1F3-5B0928D42EF0}"
EndProject
Project("{FAE04EC0-301F-11D3-BF4B-00C04F79EFBC}") = "UNIT_TEST_1", "..\UNIT_TEST_1\UNIT_TEST_1.csproj", "{FA3DDB27-29B3-4320-946F-B4326E9404FA}"
EndProject
Global
	GlobalSection(SolutionConfigurationPlatforms) = preSolution
		Debug|Any CPU = Debug|Any CPU
		Release|Any CPU = Release|Any CPU
	EndGlobalSection
	GlobalSection(ProjectConfigurationPlatforms) = postSolution
		{0A3E5B7E-A035-46D5-A1F3-5B0928D42EF0}.Debug|Any CPU.ActiveCfg = Debug|Any CPU
		{0A3E5B7E-A035-46D5-A1F3-5B0928D42EF0}.Debug|Any CPU.Build.0 = Debug|Any CPU
		{0A3E5B7E-A035-46D5-A1F3-5B0928D42EF0}.Release|Any CPU.ActiveCfg = Release|Any CPU
		{0A3E5B7E-A035-46D5-A1F3-5B0928D42EF0}.Release|Any CPU.Build.0 = Release|Any CPU
		{FA3DDB27-29B3-4320-946F-B4326E9404FA}.Debug|Any CPU.ActiveCfg = Debug|Any CPU
		{FA3DDB27-29B3-4320-946F-B4326E9404FA}.Debug|Any CPU.Build.0 = Debug|Any CPU
		{FA3DDB27-29B3-4320-946F-B4326E9404FA}.Release|Any CPU.ActiveCfg = Release|Any CPU
		{FA3DDB27-29B3-4320-946F-B4326E9404FA}.Release|Any CPU.Build.0 = Release|Any CPU
	EndGlobalSection
	GlobalSection(SolutionProperties) = preSolution
		HideSolutionNode = FALSE
	EndGlobalSection
	GlobalSection(ExtensibilityGlobals) = postSolution
		SolutionGuid = {23C5E4D8-ACB6-471C-9AEA-CD3FC7D5C6AC}
	EndGlobalSection
EndGlobal
